{
  "name": "linea-ui",
  "version": "0.1.0",
  "lockfileVersion": 2,
  "requires": true,
  "packages": {
    "": {
      "version": "0.1.0",
      "license": "MIT",
      "devDependencies": {
        "descent-ripple": "^1.0.1",
        "linea-ui-project-css": "file:../linea-ui-project-css",
        "svelte": "^3.37.0",
        "typescript": "^4.2.4"
      }
    },
    "../linea-ui-project-css": {
      "version": "1.0.0",
      "dev": true,
      "license": "MIT"
    },
    "node_modules/descent-ripple": {
      "version": "1.0.1",
      "resolved": "https://registry.npmjs.org/descent-ripple/-/descent-ripple-1.0.1.tgz",
      "integrity": "sha512-ycrCta6YdPGQBNddAzWFb9npcrKD4/OdHIG/fD0Q+WcIrD0GNpzmW5xzz0lmZ36gA0LFdaCl64QmVPiR28yTLQ==",
      "dev": true
    },
    "node_modules/linea-ui-project-css": {
      "resolved": "../linea-ui-project-css",
      "link": true
    },
    "node_modules/svelte": {
      "version": "3.37.0",
      "resolved": "https://registry.npmjs.org/svelte/-/svelte-3.37.0.tgz",
      "integrity": "sha512-TRF30F4W4+d+Jr2KzUUL1j8Mrpns/WM/WacxYlo5MMb2E5Qy2Pk1Guj6GylxsW9OnKQl1tnF8q3hG/hQ3h6VUA==",
      "dev": true,
      "engines": {
        "node": ">= 8"
      }
    },
    "node_modules/typescript": {
      "version": "4.2.4",
      "resolved": "https://registry.npmjs.org/typescript/-/typescript-4.2.4.tgz",
      "integrity": "sha512-V+evlYHZnQkaz8TRBuxTA92yZBPotr5H+WhQ7bD3hZUndx5tGOa1fuCgeSjxAzM1RiN5IzvadIXTVefuuwZCRg==",
      "dev": true,
      "bin": {
        "tsc": "bin/tsc",
        "tsserver": "bin/tsserver"
      },
      "engines": {
        "node": ">=4.2.0"
      }
    }
  },
  "dependencies": {
    "descent-ripple": {
      "version": "1.0.1",
      "resolved": "https://registry.npmjs.org/descent-ripple/-/descent-ripple-1.0.1.tgz",
      "integrity": "sha512-ycrCta6YdPGQBNddAzWFb9npcrKD4/OdHIG/fD0Q+WcIrD0GNpzmW5xzz0lmZ36gA0LFdaCl64QmVPiR28yTLQ==",
      "dev": true
    },
    "linea-ui-project-css": {
      "version": "file:../linea-ui-project-css"
    },
    "svelte": {
      "version": "3.37.0",
      "resolved": "https://registry.npmjs.org/svelte/-/svelte-3.37.0.tgz",
      "integrity": "sha512-TRF30F4W4+d+Jr2KzUUL1j8Mrpns/WM/WacxYlo5MMb2E5Qy2Pk1Guj6GylxsW9OnKQl1tnF8q3hG/hQ3h6VUA==",
      "dev": true
    },
    "typescript": {
      "version": "4.2.4",
      "resolved": "https://registry.npmjs.org/typescript/-/typescript-4.2.4.tgz",
      "integrity": "sha512-V+evlYHZnQkaz8TRBuxTA92yZBPotr5H+WhQ7bD3hZUndx5tGOa1fuCgeSjxAzM1RiN5IzvadIXTVefuuwZCRg==",
      "dev": true
    }
  }
}
